
Microsoft Visual Studio Solution File, Format Version 12.00
# Visual Studio Version 16
VisualStudioVersion = 16.0.32510.428
MinimumVisualStudioVersion = 10.0.40219.1
Project("{FAE04EC0-301F-11D3-BF4B-00C04F79EFBC}") = "PurchaseRewardPoints", "PurchaseRewardPoints.csproj", "{1AA71370-EF36-4A3B-913A-DCC712733375}"
EndProject
Project("{FAE04EC0-301F-11D3-BF4B-00C04F79EFBC}") = "Reward.Data", "..\Reward.Data\Reward.Data.csproj", "{BC3F633F-3B90-469F-AADA-77CC1068BB44}"
EndProject
Global
	GlobalSection(SolutionConfigurationPlatforms) = preSolution
		Debug|Any CPU = Debug|Any CPU
		Release|Any CPU = Release|Any CPU
	EndGlobalSection
	GlobalSection(ProjectConfigurationPlatforms) = postSolution
		{1AA71370-EF36-4A3B-913A-DCC712733375}.Debug|Any CPU.ActiveCfg = Debug|Any CPU
		{1AA71370-EF36-4A3B-913A-DCC712733375}.Debug|Any CPU.Build.0 = Debug|Any CPU
		{1AA71370-EF36-4A3B-913A-DCC712733375}.Release|Any CPU.ActiveCfg = Release|Any CPU
		{1AA71370-EF36-4A3B-913A-DCC712733375}.Release|Any CPU.Build.0 = Release|Any CPU
		{BC3F633F-3B90-469F-AADA-77CC1068BB44}.Debug|Any CPU.ActiveCfg = Debug|Any CPU
		{BC3F633F-3B90-469F-AADA-77CC1068BB44}.Debug|Any CPU.Build.0 = Debug|Any CPU
		{BC3F633F-3B90-469F-AADA-77CC1068BB44}.Release|Any CPU.ActiveCfg = Release|Any CPU
		{BC3F633F-3B90-469F-AADA-77CC1068BB44}.Release|Any CPU.Build.0 = Release|Any CPU
	EndGlobalSection
	GlobalSection(SolutionProperties) = preSolution
		HideSolutionNode = FALSE
	EndGlobalSection
	GlobalSection(ExtensibilityGlobals) = postSolution
		SolutionGuid = {BDD4007A-4AD6-4A98-A435-DEEF3D58B6C5}
	EndGlobalSection
EndGlobal
